{
  "nodes": {
    "flake-utils": {
      "locked": {
        "lastModified": 1659877975,
        "narHash": "sha256-zllb8aq3YO3h8B/U0/J1WBgAL8EX5yWf5pMj3G0NAmc=",
        "owner": "numtide",
        "repo": "flake-utils",
        "rev": "c0e246b9b83f637f4681389ecabcb2681b4f3af0",
        "type": "github"
      },
      "original": {
        "owner": "numtide",
        "repo": "flake-utils",
        "type": "github"
      }
    },
    "flake-utils_2": {
      "locked": {
        "lastModified": 1659877975,
        "narHash": "sha256-zllb8aq3YO3h8B/U0/J1WBgAL8EX5yWf5pMj3G0NAmc=",
        "owner": "numtide",
        "repo": "flake-utils",
        "rev": "c0e246b9b83f637f4681389ecabcb2681b4f3af0",
        "type": "github"
      },
      "original": {
        "owner": "numtide",
        "repo": "flake-utils",
        "type": "github"
      }
    },
    "home-manager": {
      "inputs": {
        "nixpkgs": [
          "nixpkgs-unstable"
        ],
        "utils": "utils"
      },
      "locked": {
        "lastModified": 1675935446,
        "narHash": "sha256-WajulTn7QdwC7QuXRBavrANuIXE5z+08EdxdRw1qsNs=",
        "owner": "nix-community",
        "repo": "home-manager",
        "rev": "2dce7f1a55e785a22d61668516df62899278c9e4",
        "type": "github"
      },
      "original": {
        "owner": "nix-community",
        "repo": "home-manager",
        "type": "github"
      }
    },
    "ironhide": {
      "inputs": {
        "flake-utils": "flake-utils",
        "nixpkgs": "nixpkgs",
        "rust-overlay": "rust-overlay"
      },
      "locked": {
        "lastModified": 1675812912,
        "narHash": "sha256-ZKH6AIPI+5rwETKe9Uctjv3hDKY0kaldXIcvSxUi0gM=",
        "owner": "IronCoreLabs",
        "repo": "ironhide",
        "rev": "8a8924470f50ef9a165338c29d83a82c7fab46f0",
        "type": "github"
      },
      "original": {
        "owner": "IronCoreLabs",
        "repo": "ironhide",
        "type": "github"
      }
    },
    "nixpkgs": {
      "locked": {
        "lastModified": 1666792786,
        "narHash": "sha256-uG81j5Axyps2IjedvlmRbWhCCUXOAI4wNpH3O0dVG0s=",
        "owner": "nixos",
        "repo": "nixpkgs",
        "rev": "5bdb380ee7fa036d47b19e9d854928f4881c50a1",
        "type": "github"
      },
      "original": {
        "owner": "nixos",
        "ref": "nixos-unstable",
        "repo": "nixpkgs",
        "type": "github"
      }
    },
    "nixpkgs-unstable": {
      "locked": {
        "lastModified": 1676300157,
        "narHash": "sha256-1HjRzfp6LOLfcj/HJHdVKWAkX9QRAouoh6AjzJiIerU=",
        "owner": "nixos",
        "repo": "nixpkgs",
        "rev": "545c7a31e5dedea4a6d372712a18e00ce097d462",
        "type": "github"
      },
      "original": {
        "owner": "nixos",
        "ref": "nixos-unstable",
        "repo": "nixpkgs",
        "type": "github"
      }
    },
    "nixpkgs_2": {
      "locked": {
        "lastModified": 1665296151,
        "narHash": "sha256-uOB0oxqxN9K7XGF1hcnY+PQnlQJ+3bP2vCn/+Ru/bbc=",
        "owner": "NixOS",
        "repo": "nixpkgs",
        "rev": "14ccaaedd95a488dd7ae142757884d8e125b3363",
        "type": "github"
      },
      "original": {
        "owner": "NixOS",
        "ref": "nixpkgs-unstable",
        "repo": "nixpkgs",
        "type": "github"
      }
    },
    "nixpkgs_3": {
      "locked": {
        "lastModified": 1676483037,
        "narHash": "sha256-JUz3a7LWymvx1Umvbpc4odF5aCyesmHdwYnck79Uvu0=",
        "owner": "nixos",
        "repo": "nixpkgs",
        "rev": "4f1b2d513327b121cbf82b4086b3b854a48347a3",
        "type": "github"
      },
      "original": {
        "owner": "nixos",
        "ref": "master",
        "repo": "nixpkgs",
        "type": "github"
      }
    },
    "nur": {
      "locked": {
        "lastModified": 1676483082,
        "narHash": "sha256-e/mULYGkIlepksMRCpYKni2ULOs6FQ7Zd9HcVRbWkog=",
        "owner": "nix-community",
        "repo": "NUR",
        "rev": "031558584a7508662417d0926ac3ec75def8afb8",
        "type": "github"
      },
      "original": {
        "owner": "nix-community",
        "repo": "NUR",
        "type": "github"
      }
    },
    "root": {
      "inputs": {
        "home-manager": "home-manager",
        "ironhide": "ironhide",
        "nixpkgs": "nixpkgs_3",
        "nixpkgs-unstable": "nixpkgs-unstable",
        "nur": "nur"
      }
    },
    "rust-overlay": {
      "inputs": {
        "flake-utils": "flake-utils_2",
        "nixpkgs": "nixpkgs_2"
      },
      "locked": {
        "lastModified": 1666839029,
        "narHash": "sha256-gmSmf3bDS9oR4OHsvKHEErqje228XXP22uKIQWZj4Jo=",
        "owner": "oxalica",
        "repo": "rust-overlay",
        "rev": "c095030cf6c84e304f867ad066d8d5b051131af5",
        "type": "github"
      },
      "original": {
        "owner": "oxalica",
        "repo": "rust-overlay",
        "type": "github"
      }
    },
    "utils": {
      "locked": {
        "lastModified": 1667395993,
        "narHash": "sha256-nuEHfE/LcWyuSWnS8t12N1wc105Qtau+/OdUAjtQ0rA=",
        "owner": "numtide",
        "repo": "flake-utils",
        "rev": "5aed5285a952e0b949eb3ba02c12fa4fcfef535f",
        "type": "github"
      },
      "original": {
        "owner": "numtide",
        "repo": "flake-utils",
        "type": "github"
      }
    }
  },
  "root": "root",
  "version": 7
}
